{
  "name": "@onda-lang/wasm-compiler",
  "version": "0.4.4",
  "lockfileVersion": 3,
  "requires": true,
  "packages": {
    "": {
      "name": "@onda-lang/wasm-compiler",
      "version": "0.4.4",
      "license": "MIT",
      "dependencies": {
        "binaryen": "130.0.0"
      },
      "bin": {
        "onda-wasm": "bin/onda-wasm.js"
      },
      "engines": {
        "node": ">=20"
      }
    },
    "node_modules/binaryen": {
      "version": "130.0.0",
      "resolved": "https://registry.npmjs.org/binaryen/-/binaryen-130.0.0.tgz",
      "integrity": "sha512-XDrb+zql0RbFPKgj7MuH9zOc78R3Fa/P/VSGnnpdwYsvNZPWjcMYMdAkKCOQEL2A7yqgjSMTDRFp6gfSDW+/QQ==",
      "license": "Apache-2.0",
      "bin": {
        "wasm-as": "bin/wasm-as",
        "wasm-ctor-eval": "bin/wasm-ctor-eval",
        "wasm-dis": "bin/wasm-dis",
        "wasm-merge": "bin/wasm-merge",
        "wasm-metadce": "bin/wasm-metadce",
        "wasm-opt": "bin/wasm-opt",
        "wasm-reduce": "bin/wasm-reduce",
        "wasm-shell": "bin/wasm-shell",
        "wasm2js": "bin/wasm2js"
      }
    }
  }
}
